
Microsoft Visual Studio Solution File, Format Version 12.00
# Visual Studio Version 16
VisualStudioVersion = 16.0.30717.126
MinimumVisualStudioVersion = 10.0.40219.1
Project("{9A19103F-16F7-4668-BE54-9A1E7A4F7556}") = "Student2020ClientNoSSL_Kit", "Student2020ClientNoSSL_Kit\Student2020ClientNoSSL_Kit.csproj", "{057272B9-33AC-4F8D-AF59-50012B6958FE}"
EndProject
Global
	GlobalSection(SolutionConfigurationPlatforms) = preSolution
		Debug|Any CPU = Debug|Any CPU
		Release|Any CPU = Release|Any CPU
	EndGlobalSection
	GlobalSection(ProjectConfigurationPlatforms) = postSolution
		{057272B9-33AC-4F8D-AF59-50012B6958FE}.Debug|Any CPU.ActiveCfg = Debug|Any CPU
		{057272B9-33AC-4F8D-AF59-50012B6958FE}.Debug|Any CPU.Build.0 = Debug|Any CPU
		{057272B9-33AC-4F8D-AF59-50012B6958FE}.Release|Any CPU.ActiveCfg = Release|Any CPU
		{057272B9-33AC-4F8D-AF59-50012B6958FE}.Release|Any CPU.Build.0 = Release|Any CPU
	EndGlobalSection
	GlobalSection(SolutionProperties) = preSolution
		HideSolutionNode = FALSE
	EndGlobalSection
	GlobalSection(ExtensibilityGlobals) = postSolution
		SolutionGuid = {A06F030E-30EB-4755-AC87-AA73C80E3060}
	EndGlobalSection
EndGlobal
